
Microsoft Visual Studio Solution File, Format Version 12.00
# Visual Studio 15
Project("{FAE04EC0-301F-11D3-BF4B-00C04F79EFBC}") = "ArMenuV1", "Assembly-CSharp.csproj", "{8471C58A-641A-449F-8EFA-C72BBB2E860F}"
EndProject
Project("{FAE04EC0-301F-11D3-BF4B-00C04F79EFBC}") = "ArMenuV1", "Assembly-CSharp-Editor.csproj", "{883BD4C1-D221-D213-6F49-41851090CDD8}"
EndProject
Global
	GlobalSection(SolutionConfigurationPlatforms) = preSolution
		Debug|Any CPU = Debug|Any CPU
		Release|Any CPU = Release|Any CPU
	EndGlobalSection
	GlobalSection(ProjectConfigurationPlatforms) = postSolution
		{8471C58A-641A-449F-8EFA-C72BBB2E860F}.Debug|Any CPU.ActiveCfg = Debug|Any CPU
		{8471C58A-641A-449F-8EFA-C72BBB2E860F}.Debug|Any CPU.Build.0 = Debug|Any CPU
		{8471C58A-641A-449F-8EFA-C72BBB2E860F}.Release|Any CPU.ActiveCfg = Release|Any CPU
		{8471C58A-641A-449F-8EFA-C72BBB2E860F}.Release|Any CPU.Build.0 = Release|Any CPU
		{883BD4C1-D221-D213-6F49-41851090CDD8}.Debug|Any CPU.ActiveCfg = Debug|Any CPU
		{883BD4C1-D221-D213-6F49-41851090CDD8}.Debug|Any CPU.Build.0 = Debug|Any CPU
		{883BD4C1-D221-D213-6F49-41851090CDD8}.Release|Any CPU.ActiveCfg = Release|Any CPU
		{883BD4C1-D221-D213-6F49-41851090CDD8}.Release|Any CPU.Build.0 = Release|Any CPU
	EndGlobalSection
	GlobalSection(SolutionProperties) = preSolution
		HideSolutionNode = FALSE
	EndGlobalSection
EndGlobal
